
Microsoft Visual Studio Solution File, Format Version 12.00
# Visual Studio 15
VisualStudioVersion = 15.0.26430.15
MinimumVisualStudioVersion = 10.0.40219.1
Project("{FAE04EC0-301F-11D3-BF4B-00C04F79EFBC}") = "EscudeEditor", "EscudeEditor\EscudeEditor.csproj", "{C337EABE-2FCE-42C8-B02F-1772A304A117}"
EndProject
Project("{FAE04EC0-301F-11D3-BF4B-00C04F79EFBC}") = "EEGUI", "EEGUI\EEGUI.csproj", "{1F947C1D-E157-41E7-86BB-9A72C8DA4FED}"
EndProject
Global
	GlobalSection(SolutionConfigurationPlatforms) = preSolution
		Debug|Any CPU = Debug|Any CPU
		Release|Any CPU = Release|Any CPU
	EndGlobalSection
	GlobalSection(ProjectConfigurationPlatforms) = postSolution
		{C337EABE-2FCE-42C8-B02F-1772A304A117}.Debug|Any CPU.ActiveCfg = Debug|Any CPU
		{C337EABE-2FCE-42C8-B02F-1772A304A117}.Debug|Any CPU.Build.0 = Debug|Any CPU
		{C337EABE-2FCE-42C8-B02F-1772A304A117}.Release|Any CPU.ActiveCfg = Release|Any CPU
		{C337EABE-2FCE-42C8-B02F-1772A304A117}.Release|Any CPU.Build.0 = Release|Any CPU
		{1F947C1D-E157-41E7-86BB-9A72C8DA4FED}.Debug|Any CPU.ActiveCfg = Debug|Any CPU
		{1F947C1D-E157-41E7-86BB-9A72C8DA4FED}.Debug|Any CPU.Build.0 = Debug|Any CPU
		{1F947C1D-E157-41E7-86BB-9A72C8DA4FED}.Release|Any CPU.ActiveCfg = Release|Any CPU
		{1F947C1D-E157-41E7-86BB-9A72C8DA4FED}.Release|Any CPU.Build.0 = Release|Any CPU
	EndGlobalSection
	GlobalSection(SolutionProperties) = preSolution
		HideSolutionNode = FALSE
	EndGlobalSection
EndGlobal
